<?xml version="1.0" encoding="utf-8"?>
<Project ToolsVersion="4.0" xmlns="http://schemas.microsoft.com/developer/msbuild/2003">
  <ItemGroup>
    <Filter Include="Source Files">
      <UniqueIdentifier>{4FC737F1-C7A5-4376-A066-2A32D752A2FF}</UniqueIdentifier>
      <Extensions>cpp;c;cc;cxx;def;odl;idl;hpj;bat;asm;asmx</Extensions>
    </Filter>
    <Filter Include="Header Files">
      <UniqueIdentifier>{93995380-89BD-4b04-88EB-625FBE52EBFB}</UniqueIdentifier>
      <Extensions>h;hh;hpp;hxx;hm;inl;inc;xsd</Extensions>
    </Filter>
    <Filter Include="Resource Files">
      <UniqueIdentifier>{67DA6AB6-F800-4c08-8B7A-83BB121AAD01}</UniqueIdentifier>
      <Extensions>rc;ico;cur;bmp;dlg;rc2;rct;bin;rgs;gif;jpg;jpeg;jpe;resx;tiff;tif;png;wav;mfcribbon-ms</Extensions>
    </Filter>
  </ItemGroup>
  <ItemGroup>
    <None Include="FreeImageDist\Dist\FreeImage.dll" />
    <None Include="glew32.dll" />
    <None Include="alut.dll" />
    <None Include="OpenAL32.dll" />
    <None Include="freeglut.dll" />
  </ItemGroup>
  <ItemGroup>
    <Library Include="FreeImageDist\Dist\FreeImage.lib" />
    <Library Include="glm-0.3.2Lib.lib" />
    <Library Include="libdrawtext.lib" />
    <Library Include="glew32.lib" />
    <Library Include="glew32s.lib" />
    <Library Include="alut.lib" />
    <Library Include="OpenAL32.lib" />
  </ItemGroup>
  <ItemGroup>
    <ClCompile Include="cImageLoader.cpp">
      <Filter>Source Files</Filter>
    </ClCompile>
    <ClCompile Include="cModel.cpp">
      <Filter>Source Files</Filter>
    </ClCompile>
    <ClCompile Include="cModelLoader.cpp">
      <Filter>Source Files</Filter>
    </ClCompile>
    <ClCompile Include="cWNDManager.cpp">
      <Filter>Source Files</Filter>
    </ClCompile>
    <ClCompile Include="windowOGL.cpp">
      <Filter>Source Files</Filter>
    </ClCompile>
    <ClCompile Include="GameConstants.cpp">
      <Filter>Source Files</Filter>
    </ClCompile>
    <ClCompile Include="Lab1Main.cpp">
      <Filter>Source Files</Filter>
    </ClCompile>
    <ClCompile Include="cSound.cpp">
      <Filter>Source Files</Filter>
    </ClCompile>
    <ClCompile Include="cGround.cpp">
      <Filter>Source Files</Filter>
    </ClCompile>
    <ClCompile Include="cEnemy.cpp">
      <Filter>Source Files</Filter>
    </ClCompile>
    <ClCompile Include="cPlayer.cpp">
      <Filter>Source Files</Filter>
    </ClCompile>
    <ClCompile Include="cBullet.cpp">
      <Filter>Source Files</Filter>
    </ClCompile>
    <ClCompile Include="cCollectable.cpp">
      <Filter>Source Files</Filter>
    </ClCompile>
    <ClCompile Include="shader.cpp">
      <Filter>Source Files</Filter>
    </ClCompile>
    <ClCompile Include="objloader.cpp">
      <Filter>Source Files</Filter>
    </ClCompile>
    <ClCompile Include="text2D.cpp">
      <Filter>Source Files</Filter>
    </ClCompile>
    <ClCompile Include="cSkyBox.cpp">
      <Filter>Source Files</Filter>
    </ClCompile>
  </ItemGroup>
  <ItemGroup>
    <ClInclude Include="cImageLoader.h">
      <Filter>Header Files</Filter>
    </ClInclude>
    <ClInclude Include="cModel.h">
      <Filter>Header Files</Filter>
    </ClInclude>
    <ClInclude Include="cModelLoader.h">
      <Filter>Header Files</Filter>
    </ClInclude>
    <ClInclude Include="cWNDManager.h">
      <Filter>Header Files</Filter>
    </ClInclude>
    <ClInclude Include="windowOGL.h">
      <Filter>Header Files</Filter>
    </ClInclude>
    <ClInclude Include="GameConstants.h">
      <Filter>Header Files</Filter>
    </ClInclude>
    <ClInclude Include="cSound.h">
      <Filter>Header Files</Filter>
    </ClInclude>
    <ClInclude Include="cGround.h">
      <Filter>Header Files</Filter>
    </ClInclude>
    <ClInclude Include="cEnemy.h">
      <Filter>Header Files</Filter>
    </ClInclude>
    <ClInclude Include="cPlayer.h">
      <Filter>Header Files</Filter>
    </ClInclude>
    <ClInclude Include="cBullet.h">
      <Filter>Header Files</Filter>
    </ClInclude>
    <ClInclude Include="cCollectable.h">
      <Filter>Header Files</Filter>
    </ClInclude>
    <ClInclude Include="shader.hpp">
      <Filter>Header Files</Filter>
    </ClInclude>
    <ClInclude Include="objloader.hpp">
      <Filter>Header Files</Filter>
    </ClInclude>
    <ClInclude Include="text2D.hpp">
      <Filter>Header Files</Filter>
    </ClInclude>
    <ClInclude Include="cSkyBox.h">
      <Filter>Header Files</Filter>
    </ClInclude>
  </ItemGroup>
</Project>